schema: vela.frontier_lock.v1
generated_at: 2026-07-25T16:00:42Z
vela_version: 0.930.0-rc.6
frontier_id: vfr_97d7d25957384f80
profile_root: sha256:298827e3a7fbf4a34590f0df40f56acae45e4d1803cac29836539f5ae7202f5c
identity_root: sha256:841f38525cf2f4862c5fdc2217247a189ab8a0414418b8b782a88c9dd0206731
dependency_root: sha256:4f53cda18c2baa0c0354bb5f9a3ecbe5ed12ab4d8e11ba873c2f11161202b945
scientific_state_root: sha256:4924adbbea6dfe288d14af03cf3d544f73c511df6b6ef8b938c8291685101444
legacy_snapshot_root: sha256:d9b94d963ab61e33c93ae86ef7e4e815e4a2b4135ef069e15db01730f9bb4d32
event_log_root: sha256:3514fbe88560719ebc4f5c7e63522f99373cd4e457ab586f839597122c8fc8e3
event_count: 36
proposal_root: sha256:ba47ddf5c16ed567ddf835385066e3fc294b447bc0eabd3f9820f5e707efb39e
canonicalization:
  json: vela-canonical-json-v0.1
  yaml: vela-yaml-v0.1
reducer:
  package: vela@0.930.0-rc.6
  digest: sha256:309cd56d753436ce8d8d6fc928c38b9d973602df47812967f4c2fa4afb05c39c
verifiers:
  package: vela-verify@0.930.0-rc.6
  digest: sha256:59efbed7eb461c142770ad283c987395f8cebfa2ef45d156acc4d0ca9a497066
sources_hash: sha256:4f53cda18c2baa0c0354bb5f9a3ecbe5ed12ab4d8e11ba873c2f11161202b945
artifacts_hash: sha256:4f53cda18c2baa0c0354bb5f9a3ecbe5ed12ab4d8e11ba873c2f11161202b945
review_hash: sha256:4f53cda18c2baa0c0354bb5f9a3ecbe5ed12ab4d8e11ba873c2f11161202b945
proof_freshness: fresh
proof:
  latest: proof/latest.json
  digest: sha256:e08dc9804865bdd234566c431a7c793482db71b319a3a9f862456000640282e8
  freshness: fresh
  events_manifest: proof/events.manifest.jsonl
  replay_trace: proof/replay.trace.jsonl
paths:
  frontier: frontier.json
  events: .vela/events/
dependencies: []
