schema: vela.frontier_lock.v0.1
generated_at: 2026-07-06T20:27:49.398698+00:00
vela_version: 0.757.4
carina_kernel: carina@0.1.0
frontier_id: vfr_97d7d25957384f80
canonicalization:
  json: vela-canonical-json-v0.1
  yaml: vela-yaml-v0.1
reducer:
  package: vela@0.757.4
  digest: sha256:6a6a3946570ee6950c06de6ada636ec8dd9aa2ed35307e382942997a2221fc55
verifiers:
  package: vela-verify@0.757.4
  digest: sha256:c856ee70c4db737c1873b786dd406194bcd322e311dff5b3ae6da76a1aad85d1
carina:
  kernel: carina@0.1.0
  digest: sha256:2de6244bc3c695cd83adf7d17fd9c52b6586ce060874b37814cc35aff340d5ee
snapshot_hash: sha256:dd12faa6de73c621115f1306e0c719c6439626f705928b62d124459c5acb5cce
event_log_hash: sha256:e5adcc636f172a2e19577775aa24599edceb50bf4d06a463cb287c603e028214
proposal_state_hash: sha256:e1a5704b287621d8bcc02f56fe9c63b967c11dc1fcd746c97bf0adfb49ac9c57
sources_hash: sha256:4f53cda18c2baa0c0354bb5f9a3ecbe5ed12ab4d8e11ba873c2f11161202b945
artifacts_hash: sha256:4f53cda18c2baa0c0354bb5f9a3ecbe5ed12ab4d8e11ba873c2f11161202b945
review_hash: sha256:4f53cda18c2baa0c0354bb5f9a3ecbe5ed12ab4d8e11ba873c2f11161202b945
proof_freshness: fresh
proof:
  latest: proof/latest.json
  digest: sha256:fa1fa0e71c966ebdad3793a8642e9cf79f4f3b96642fa4450b0687feb79f744a
  freshness: fresh
  events_manifest: proof/events.manifest.jsonl
  replay_trace: proof/replay.trace.jsonl
paths:
  frontier: frontier.json
  events: .vela/events/
